{
    "_meta": {
        "hash": {
            "sha256": "2e48a72c34d0d3cd5e5462a10bcf7b3ce7f7ef922acd6e23c55a18eaf68b1dc8"
        },
        "host-environment-markers": {
            "implementation_name": "cpython",
            "implementation_version": "3.6.1",
            "os_name": "posix",
            "platform_machine": "x86_64",
            "platform_python_implementation": "CPython",
            "platform_release": "17.0.0",
            "platform_system": "Darwin",
            "platform_version": "Darwin Kernel Version 17.0.0: Thu Aug 24 21:48:19 PDT 2017; root:xnu-4570.1.46~2/RELEASE_X86_64",
            "python_full_version": "3.6.1",
            "python_version": "3.6",
            "sys_platform": "darwin"
        },
        "pipfile-spec": 6,
        "requires": {},
        "sources": [
            {
                "name": "pypi",
                "url": "https://pypi.python.org/simple",
                "verify_ssl": true
            }
        ]
    },
    "default": {
        "appnope": {
            "hashes": [
                "sha256:5b26757dc6f79a3b7dc9fab95359328d5747fcb2409d331ea66d0272b90ab2a0",
                "sha256:8b995ffe925347a2138d7ac0fe77155e4311a0ea6d6da4f5128fe4b3cbe5ed71"
            ],
            "markers": "sys_platform == 'darwin'",
            "version": "==0.1.0"
        },
        "beautifulsoup4": {
            "hashes": [
                "sha256:7015e76bf32f1f574636c4288399a6de66ce08fb7b2457f628a8d70c0fbabb11",
                "sha256:11a9a27b7d3bddc6d86f59fb76afb70e921a25ac2d6cc55b40d072bd68435a76",
                "sha256:808b6ac932dccb0a4126558f7dfdcf41710dd44a4ef497a0bb59a77f9f078e89"
            ],
            "version": "==4.6.0"
        },
        "bleach": {
            "hashes": [
                "sha256:7a316eac1eef1e98b9813636ebe05878aab1a658d2708047fb00fe2bcbc49f84",
                "sha256:760a9368002180fb8a0f4ea48dc6275378e6f311c39d0236d7b904fca1f5ea0d"
            ],
            "version": "==2.1.1"
        },
        "blinker": {
            "hashes": [
                "sha256:471aee25f3992bd325afa3772f1063dbdbbca947a041b8b89466dc00d606f8b6"
            ],
            "version": "==1.4"
        },
        "bs4": {
            "hashes": [
                "sha256:36ecea1fd7cc5c0c6e4a1ff075df26d50da647b75376626cc186e2212886dd3a"
            ],
            "version": "==0.0.1"
        },
        "decorator": {
            "hashes": [
                "sha256:95a26b17806e284452bfd97fa20aa1e8cb4ee23542bda4dbac5e4562aa1642cd",
                "sha256:7cb64d38cb8002971710c8899fbdfb859a23a364b7c99dab19d1f719c2ba16b5"
            ],
            "version": "==4.1.2"
        },
        "docutils": {
            "hashes": [
                "sha256:7a4bd47eaf6596e1295ecb11361139febe29b084a87bf005bf899f9a42edc3c6",
                "sha256:02aec4bd92ab067f6ff27a38a38a41173bf01bed8f89157768c1573f53e474a6",
                "sha256:51e64ef2ebfb29cae1faa133b3710143496eca21c530f3f71424d77687764274"
            ],
            "version": "==0.14"
        },
        "entrypoints": {
            "hashes": [
                "sha256:10ad569bb245e7e2ba425285b9fa3e8178a0dc92fc53b1e1c553805e15a8825b",
                "sha256:d2d587dde06f99545fb13a383d2cd336a8ff1f359c5839ce3a64c917d10c029f"
            ],
            "version": "==0.2.3"
        },
        "feedgenerator": {
            "hashes": [
                "sha256:5ae05daa9cfa47fa406ee4744d0b7fa1c8a05a7a47ee0ad328ddf55327cfb106"
            ],
            "version": "==1.9"
        },
        "html5lib": {
            "hashes": [
                "sha256:08a3efc117a4fc8c82c3c6d10d6f58ae266428d57ed50258a1466d2cd88de745",
                "sha256:0d5fd54d5b2b79b876007a70c033a4023577768d18022c15681c00561432a0f9"
            ],
            "version": "==1.0b10"
        },
        "ipython": {
            "hashes": [
                "sha256:fcc6d46f08c3c4de7b15ae1c426e15be1b7932bcda9d83ce1a4304e8c1129df3",
                "sha256:51c158a6c8b899898d1c91c6b51a34110196815cc905f9be0fa5878e19355608"
            ],
            "version": "==6.2.1"
        },
        "ipython-genutils": {
            "hashes": [
                "sha256:72dd37233799e619666c9f639a9da83c34013a73e8bbc79a7a6348d93c61fab8",
                "sha256:eb2e116e75ecef9d4d228fdc66af54269afa26ab4463042e33785b887c628ba8"
            ],
            "version": "==0.2.0"
        },
        "jedi": {
            "hashes": [
                "sha256:3af518490ffcd00a3074c135b42511e081575e9abd115c216a34491411ceebb0",
                "sha256:f6d5973573e76b1fd2ea75f6dcd6445d02d41ff3af5fc61b275b4e323d1dd396"
            ],
            "version": "==0.11.0"
        },
        "jinja2": {
            "hashes": [
                "sha256:2231bace0dfd8d2bf1e5d7e41239c06c9e0ded46e70cc1094a0aa64b0afeb054",
                "sha256:ddaa01a212cd6d641401cb01b605f4a4d9f37bfc93043d7f760ec70fb99ff9ff"
            ],
            "version": "==2.9.6"
        },
        "jsonschema": {
            "hashes": [
                "sha256:000e68abd33c972a5248544925a0cae7d1125f9bf6c58280d37546b946769a08",
                "sha256:6ff5f3180870836cae40f06fa10419f557208175f13ad7bc26caa77beb1f6e02"
            ],
            "version": "==2.6.0"
        },
        "jupyter-core": {
            "hashes": [
                "sha256:63218bb5c1c0f3bba25027e1b51cf00a71ce2a1b06d1bb4bbb6e311492790125",
                "sha256:a96b129e1641425bf057c3d46f4f44adce747a7d60107e8ad771045c36514d40"
            ],
            "version": "==4.3.0"
        },
        "latexcodec": {
            "hashes": [
                "sha256:3abc5cdbe4b6344c04a62db98bf30a2f3bc8f5bb9040296aafa39c8eeb737523",
                "sha256:9607d9d260654eb607c54a8b8c991e4406008605c383ded4f4034522dc0bad7d"
            ],
            "version": "==1.0.5"
        },
        "markdown": {
            "hashes": [
                "sha256:73af797238b95768b3a9b6fe6270e250e5c09d988b8e5b223fd5efa4e06faf81"
            ],
            "version": "==2.6.9"
        },
        "markupsafe": {
            "hashes": [
                "sha256:a6be69091dac236ea9c6bc7d012beab42010fa914c459791d627dad4910eb665"
            ],
            "version": "==1.0"
        },
        "mistune": {
            "hashes": [
                "sha256:4ee2350e750acab4c4ae2fb16197f9f27b9a4740e87ed4ad9f7ecdc987bed9bc",
                "sha256:9d21a8ad203c6d7253492518fde7e633c561fecd544301017ab4a5929452955b",
                "sha256:94b9f0c3c7f2bae302009d8bec2bb803daec8879e0ea2102630f5ea7ade2c96b",
                "sha256:8517af9f5cd1857bb83f9a23da75aa516d7538c32a2c5d5c56f3789a9e4cd22f"
            ],
            "version": "==0.7.4"
        },
        "nbconvert": {
            "hashes": [
                "sha256:260d390b989a647575b8ecae2cd06a9eaead10d396733d6e50185d5ebd08996e",
                "sha256:12b1a4671d4463ab73af6e4cbcc965b62254e05d182cd54995dda0d0ef9e2db9"
            ],
            "version": "==5.3.1"
        },
        "nbformat": {
            "hashes": [
                "sha256:b9a0dbdbd45bb034f4f8893cafd6f652ea08c8c1674ba83f2dc55d3955743b0b",
                "sha256:f7494ef0df60766b7cabe0a3651556345a963b74dbc16bc7c18479041170d402"
            ],
            "version": "==4.4.0"
        },
        "pandocfilters": {
            "hashes": [
                "sha256:b3dd70e169bb5449e6bc6ff96aea89c5eea8c5f6ab5e207fc2f521a2cf4a0da9"
            ],
            "version": "==1.4.2"
        },
        "parso": {
            "hashes": [
                "sha256:b573acb69f66a970197b5fdbbdfad3b8a417a520e383133b2b4e708f104bfc9a",
                "sha256:c5279916bb417aa2bf634648ff895cf35dce371d7319744884827bfad06f8d7b"
            ],
            "version": "==0.1.0"
        },
        "pelican": {
            "hashes": [
                "sha256:f1456c163a963d498abd741ea7c6f47984365ecd8bbd6e118c44e247815cb7ef",
                "sha256:2a5347fe47464ee743bff99b6e81d1b5823f2e70e7be5bd6ed66a5bdd5f3578b"
            ],
            "version": "==3.7.1"
        },
        "pelican-alias": {
            "hashes": [
                "sha256:e548c8245127bd540d53d9b1a95c8fb6958184f819d13f996f208f45f7237c4f"
            ],
            "version": "==1.1"
        },
        "pexpect": {
            "hashes": [
                "sha256:f853b52afaf3b064d29854771e2db509ef80392509bde2dd7a6ecf2dfc3f0018",
                "sha256:3d132465a75b57aa818341c6521392a06cc660feb3988d7f1074f39bd23c9a92"
            ],
            "markers": "sys_platform != 'win32'",
            "version": "==4.2.1"
        },
        "pickleshare": {
            "hashes": [
                "sha256:c9a2541f25aeabc070f12f452e1f2a8eae2abd51e1cd19e8430402bdf4c1d8b5",
                "sha256:84a9257227dfdd6fe1b4be1319096c20eb85ff1e82c7932f36efccfe1b09737b"
            ],
            "version": "==0.7.4"
        },
        "prompt-toolkit": {
            "hashes": [
                "sha256:3f473ae040ddaa52b52f97f6b4a493cfa9f5920c255a12dc56a7d34397a398a4",
                "sha256:1df952620eccb399c53ebb359cc7d9a8d3a9538cb34c5a1344bdbeb29fbcc381",
                "sha256:858588f1983ca497f1cf4ffde01d978a3ea02b01c8a26a8bbc5cd2e66d816917"
            ],
            "version": "==1.0.15"
        },
        "ptyprocess": {
            "hashes": [
                "sha256:e8c43b5eee76b2083a9badde89fd1bbce6c8942d1045146e100b7b5e014f4f1a",
                "sha256:e64193f0047ad603b71f202332ab5527c5e52aa7c8b609704fc28c0dc20c4365"
            ],
            "version": "==0.5.2"
        },
        "pybtex": {
            "hashes": [
                "sha256:af8a6c7c74954ad305553b118d2757f68bc77c5dd5d5de2cc1fd16db90046000"
            ],
            "version": "==0.21"
        },
        "pygments": {
            "hashes": [
                "sha256:78f3f434bcc5d6ee09020f92ba487f95ba50f1e3ef83ae96b9d5ffa1bab25c5d",
                "sha256:dbae1046def0efb574852fab9e90209b23f556367b5a320c0bcb871c77c3e8cc"
            ],
            "version": "==2.2.0"
        },
        "python-dateutil": {
            "hashes": [
                "sha256:95511bae634d69bc7329ba55e646499a842bc4ec342ad54a8cdb65645a0aad3c",
                "sha256:891c38b2a02f5bb1be3e4793866c8df49c7d19baabf9c1bad62547e0b4866aca"
            ],
            "version": "==2.6.1"
        },
        "pytz": {
            "hashes": [
                "sha256:c883c2d6670042c7bc1688645cac73dd2b03193d1f7a6847b6154e96890be06d",
                "sha256:03c9962afe00e503e2d96abab4e8998a0f84d4230fa57afe1e0528473698cdd9",
                "sha256:487e7d50710661116325747a9cd1744d3323f8e49748e287bc9e659060ec6bf9",
                "sha256:43f52d4c6a0be301d53ebd867de05e2926c35728b3260157d274635a0a947f1c",
                "sha256:d1d6729c85acea5423671382868627129432fba9a89ecbb248d8d1c7a9f01c67",
                "sha256:54a935085f7bf101f86b2aff75bd9672b435f51c3339db2ff616e66845f2b8f9",
                "sha256:39504670abb5dae77f56f8eb63823937ce727d7cdd0088e6909e6dcac0f89043",
                "sha256:ddc93b6d41cfb81266a27d23a79e13805d4a5521032b512643af8729041a81b4",
                "sha256:f5c056e8f62d45ba8215e5cb8f50dfccb198b4b9fbea8500674f3443e4689589"
            ],
            "version": "==2017.2"
        },
        "pyyaml": {
            "hashes": [
                "sha256:3262c96a1ca437e7e4763e2843746588a965426550f3797a79fca9c6199c431f",
                "sha256:16b20e970597e051997d90dc2cddc713a2876c47e3d92d59ee198700c5427736",
                "sha256:e863072cdf4c72eebf179342c94e6989c67185842d9997960b3e69290b2fa269",
                "sha256:bc6bced57f826ca7cb5125a10b23fd0f2fff3b7c4701d64c439a300ce665fff8",
                "sha256:c01b880ec30b5a6e6aa67b09a2fe3fb30473008c85cd6a67359a1b15ed6d83a4",
                "sha256:827dc04b8fa7d07c44de11fabbc888e627fa8293b695e0f99cb544fdfa1bf0d1",
                "sha256:592766c6303207a20efc445587778322d7f73b161bd994f227adaa341ba212ab",
                "sha256:5f84523c076ad14ff5e6c037fe1c89a7f73a3e04cf0377cb4d017014976433f3",
                "sha256:0c507b7f74b3d2dd4d1322ec8a94794927305ab4cebbe89cc47fe5e81541e6e8",
                "sha256:b4c423ab23291d3945ac61346feeb9a0dc4184999ede5e7c43e1ffb975130ae6",
                "sha256:ca233c64c6e40eaa6c66ef97058cdc80e8d0157a443655baa1b2966e812807ca",
                "sha256:4474f8ea030b5127225b8894d626bb66c01cda098d47a2b0d3429b6700af9fd8",
                "sha256:326420cbb492172dec84b0f65c80942de6cedb5233c413dd824483989c000608",
                "sha256:5ac82e411044fb129bae5cfbeb3ba626acb2af31a8d17d175004b70862a741a7"
            ],
            "version": "==3.12"
        },
        "simplegeneric": {
            "hashes": [
                "sha256:dc972e06094b9af5b855b3df4a646395e43d1c9d0d39ed345b7393560d0b9173"
            ],
            "version": "==0.8.1"
        },
        "six": {
            "hashes": [
                "sha256:832dc0e10feb1aa2c68dcc57dbb658f1c7e65b9b61af69048abc87a2db00a0eb",
                "sha256:70e8a77beed4562e7f14fe23a786b54f6296e34344c23bc42f07b15018ff98e9"
            ],
            "version": "==1.11.0"
        },
        "testpath": {
            "hashes": [
                "sha256:039fa6a6c9fd3488f8336d23aebbfead5fa602c4a47d49d83845f55a595ec1b4",
                "sha256:0d5337839c788da5900df70f8e01015aec141aa3fe7936cb0d0a2953f7ac7609"
            ],
            "version": "==0.3.1"
        },
        "traitlets": {
            "hashes": [
                "sha256:c6cb5e6f57c5a9bdaa40fa71ce7b4af30298fbab9ece9815b5d995ab6217c7d9",
                "sha256:9c4bd2d267b7153df9152698efb1050a5d84982d3384a37b2c1f7723ba3e7835"
            ],
            "version": "==4.3.2"
        },
        "unidecode": {
            "hashes": [
                "sha256:61f807220eda0203a774a09f84b4304a3f93b5944110cc132af29ddb81366883",
                "sha256:280a6ab88e1f2eb5af79edff450021a0d3f0448952847cd79677e55e58bad051"
            ],
            "version": "==0.4.21"
        },
        "wcwidth": {
            "hashes": [
                "sha256:f4ebe71925af7b40a864553f761ed559b43544f8f71746c2d756c7fe788ade7c",
                "sha256:3df37372226d6e63e1b1e1eda15c594bca98a22d33a23832a90998faa96bc65e"
            ],
            "version": "==0.1.7"
        },
        "webencodings": {
            "hashes": [
                "sha256:a0af1213f3c2226497a97e2b3aa01a7e4bee4f403f95be16fc9acd2947514a78",
                "sha256:b36a1c245f2d304965eb4e0a82848379241dc04b865afcc4aab16748587e1923"
            ],
            "version": "==0.5.1"
        }
    },
    "develop": {}
}
